
Microsoft Visual Studio Solution File, Format Version 12.00
# Visual Studio Version 17
VisualStudioVersion = 17.5.002.0
MinimumVisualStudioVersion = 10.0.40219.1
Project("{9A19103F-16F7-4668-BE54-9A1E7A4F7556}") = "ArchinzelloUI", "ArchinzelloUI.csproj", "{8FB3779C-B6D2-43CC-89E8-AC9CADB29360}"
EndProject
Global
	GlobalSection(SolutionConfigurationPlatforms) = preSolution
		Debug|Any CPU = Debug|Any CPU
		Release|Any CPU = Release|Any CPU
	EndGlobalSection
	GlobalSection(ProjectConfigurationPlatforms) = postSolution
		{8FB3779C-B6D2-43CC-89E8-AC9CADB29360}.Debug|Any CPU.ActiveCfg = Debug|Any CPU
		{8FB3779C-B6D2-43CC-89E8-AC9CADB29360}.Debug|Any CPU.Build.0 = Debug|Any CPU
		{8FB3779C-B6D2-43CC-89E8-AC9CADB29360}.Release|Any CPU.ActiveCfg = Release|Any CPU
		{8FB3779C-B6D2-43CC-89E8-AC9CADB29360}.Release|Any CPU.Build.0 = Release|Any CPU
	EndGlobalSection
	GlobalSection(SolutionProperties) = preSolution
		HideSolutionNode = FALSE
	EndGlobalSection
	GlobalSection(ExtensibilityGlobals) = postSolution
		SolutionGuid = {488E3837-E301-4B1B-8E80-CD8A68C2AA5B}
	EndGlobalSection
EndGlobal
